// !$*UTF8*$!
{
	archiveVersion = 1;
	classes = {
	};
	objectVersion = 56;
	objects = {

/* Begin PBXBuildFile section */
		A936FA2229CAB6E200D335B1 /* LoansAddressView.swift in Sources */ = {isa = PBXBuildFile; fileRef = A936FA2129CAB6E200D335B1 /* LoansAddressView.swift */; };
		A936FA2429CAB99000D335B1 /* CustomTextView.swift in Sources */ = {isa = PBXBuildFile; fileRef = A936FA2329CAB99000D335B1 /* CustomTextView.swift */; };
		A9797C9C29A331A00045880C /* BottomSheetViewExtension.swift in Sources */ = {isa = PBXBuildFile; fileRef = A9797C9B29A331A00045880C /* BottomSheetViewExtension.swift */; };
		A9797C9E29A331BE0045880C /* CustomBottomSheetView.swift in Sources */ = {isa = PBXBuildFile; fileRef = A9797C9D29A331BE0045880C /* CustomBottomSheetView.swift */; };
		A9797CA029A332130045880C /* DidSwipeBack.swift in Sources */ = {isa = PBXBuildFile; fileRef = A9797C9F29A332130045880C /* DidSwipeBack.swift */; };
		A9797CA229A333DE0045880C /* RedBottomSheetView.swift in Sources */ = {isa = PBXBuildFile; fileRef = A9797CA129A333DE0045880C /* RedBottomSheetView.swift */; };
		A9797CA529A485C50045880C /* CustimFrequencyPicker.swift in Sources */ = {isa = PBXBuildFile; fileRef = A9797CA429A485C50045880C /* CustimFrequencyPicker.swift */; };
		A992C96E29892E8000FA4465 /* TransfersUIApp.swift in Sources */ = {isa = PBXBuildFile; fileRef = A992C96D29892E8000FA4465 /* TransfersUIApp.swift */; };
		A992C97029892E8000FA4465 /* ContentView.swift in Sources */ = {isa = PBXBuildFile; fileRef = A992C96F29892E8000FA4465 /* ContentView.swift */; };
		A992C97229892E8200FA4465 /* Assets.xcassets in Resources */ = {isa = PBXBuildFile; fileRef = A992C97129892E8200FA4465 /* Assets.xcassets */; };
		A992C97629892E8200FA4465 /* Preview Assets.xcassets in Resources */ = {isa = PBXBuildFile; fileRef = A992C97529892E8200FA4465 /* Preview Assets.xcassets */; };
		A992C98029892E8200FA4465 /* TransfersUITests.swift in Sources */ = {isa = PBXBuildFile; fileRef = A992C97F29892E8200FA4465 /* TransfersUITests.swift */; };
		A992C98A29892E8200FA4465 /* TransfersUIUITests.swift in Sources */ = {isa = PBXBuildFile; fileRef = A992C98929892E8200FA4465 /* TransfersUIUITests.swift */; };
		A992C98C29892E8200FA4465 /* TransfersUIUITestsLaunchTests.swift in Sources */ = {isa = PBXBuildFile; fileRef = A992C98B29892E8200FA4465 /* TransfersUIUITestsLaunchTests.swift */; };
		A992C99D2989300100FA4465 /* TransfersCellView.swift in Sources */ = {isa = PBXBuildFile; fileRef = A992C99C2989300100FA4465 /* TransfersCellView.swift */; };
		A992C99F2989321400FA4465 /* DescriptionH1MediumView.swift in Sources */ = {isa = PBXBuildFile; fileRef = A992C99E2989321400FA4465 /* DescriptionH1MediumView.swift */; };
		A992C9A22989325700FA4465 /* Font.swift in Sources */ = {isa = PBXBuildFile; fileRef = A992C9A12989325700FA4465 /* Font.swift */; };
		A992C9A52989361B00FA4465 /* DailyScrum.swift in Sources */ = {isa = PBXBuildFile; fileRef = A992C9A42989361B00FA4465 /* DailyScrum.swift */; };
		A992C9A7298A307500FA4465 /* TransfersWithHeader.swift in Sources */ = {isa = PBXBuildFile; fileRef = A992C9A6298A307500FA4465 /* TransfersWithHeader.swift */; };
		A992C9B0298A593500FA4465 /* TitleAndDescriptionView.swift in Sources */ = {isa = PBXBuildFile; fileRef = A992C9AF298A593500FA4465 /* TitleAndDescriptionView.swift */; };
		A992C9B7298AB54900FA4465 /* HorizontalCubeCell.swift in Sources */ = {isa = PBXBuildFile; fileRef = A992C9B6298AB54900FA4465 /* HorizontalCubeCell.swift */; };
		A992C9BC298B692100FA4465 /* AutoTransferView.swift in Sources */ = {isa = PBXBuildFile; fileRef = A992C9BB298B692100FA4465 /* AutoTransferView.swift */; };
		A992C9C5298CD49800FA4465 /* LazyVandHStacks.swift in Sources */ = {isa = PBXBuildFile; fileRef = A992C9C4298CD49800FA4465 /* LazyVandHStacks.swift */; };
		A992C9CD298D240100FA4465 /* LazyGrids.swift in Sources */ = {isa = PBXBuildFile; fileRef = A992C9CC298D240100FA4465 /* LazyGrids.swift */; };
		A992C9D1298D744100FA4465 /* ScrollViewReaders.swift in Sources */ = {isa = PBXBuildFile; fileRef = A992C9D0298D744100FA4465 /* ScrollViewReaders.swift */; };
		A992C9D3298D7BF800FA4465 /* ExpandingLists.swift in Sources */ = {isa = PBXBuildFile; fileRef = A992C9D2298D7BF800FA4465 /* ExpandingLists.swift */; };
		A992C9D5298E2E5200FA4465 /* DisclosureGroups.swift in Sources */ = {isa = PBXBuildFile; fileRef = A992C9D4298E2E5200FA4465 /* DisclosureGroups.swift */; };
		A992C9D7298E370500FA4465 /* LoginView.swift in Sources */ = {isa = PBXBuildFile; fileRef = A992C9D6298E370500FA4465 /* LoginView.swift */; };
		A992C9D9298E38E600FA4465 /* FocusAndSubmit.swift in Sources */ = {isa = PBXBuildFile; fileRef = A992C9D8298E38E600FA4465 /* FocusAndSubmit.swift */; };
		A992C9DD298E4AC300FA4465 /* UsingTabViews.swift in Sources */ = {isa = PBXBuildFile; fileRef = A992C9DC298E4AC300FA4465 /* UsingTabViews.swift */; };
		A992C9DF298E4B0100FA4465 /* HomeView.swift in Sources */ = {isa = PBXBuildFile; fileRef = A992C9DE298E4B0100FA4465 /* HomeView.swift */; };
		A992C9E1298E4BBE00FA4465 /* Currency.swift in Sources */ = {isa = PBXBuildFile; fileRef = A992C9E0298E4BBE00FA4465 /* Currency.swift */; };
		A992C9E3298E4C9000FA4465 /* CurrenciesView.swift in Sources */ = {isa = PBXBuildFile; fileRef = A992C9E2298E4C9000FA4465 /* CurrenciesView.swift */; };
		A992C9E5298E69B000FA4465 /* TabViewWithGestures.swift in Sources */ = {isa = PBXBuildFile; fileRef = A992C9E4298E69B000FA4465 /* TabViewWithGestures.swift */; };
		A992C9EA298EBA2800FA4465 /* TransfersSampleScreen.swift in Sources */ = {isa = PBXBuildFile; fileRef = A992C9E9298EBA2800FA4465 /* TransfersSampleScreen.swift */; };
		A992C9EC298EBD3800FA4465 /* SearchField.swift in Sources */ = {isa = PBXBuildFile; fileRef = A992C9EB298EBD3800FA4465 /* SearchField.swift */; };
		A992C9EE298EBDEE00FA4465 /* CategoriesSearchViewModel.swift in Sources */ = {isa = PBXBuildFile; fileRef = A992C9ED298EBDEE00FA4465 /* CategoriesSearchViewModel.swift */; };
		A992C9F22990A94D00FA4465 /* TabBarView.swift in Sources */ = {isa = PBXBuildFile; fileRef = A992C9F12990A94D00FA4465 /* TabBarView.swift */; };
		A992C9F42990C28C00FA4465 /* TransferBodyView.swift in Sources */ = {isa = PBXBuildFile; fileRef = A992C9F32990C28C00FA4465 /* TransferBodyView.swift */; };
		A992C9F72990C2F700FA4465 /* TransfersCellViewModel.swift in Sources */ = {isa = PBXBuildFile; fileRef = A992C9F62990C2F700FA4465 /* TransfersCellViewModel.swift */; };
		A992C9FA2990C42200FA4465 /* View+Extensions.swift in Sources */ = {isa = PBXBuildFile; fileRef = A992C9F92990C42200FA4465 /* View+Extensions.swift */; };
		A992C9FD2990C6D500FA4465 /* TransferMainView.swift in Sources */ = {isa = PBXBuildFile; fileRef = A992C9FC2990C6D500FA4465 /* TransferMainView.swift */; };
		A992C9FF2990C75F00FA4465 /* HorizontalScrollViewWithCubes.swift in Sources */ = {isa = PBXBuildFile; fileRef = A992C9FE2990C75F00FA4465 /* HorizontalScrollViewWithCubes.swift */; };
		A992CA012990C78900FA4465 /* TransferCubeModel.swift in Sources */ = {isa = PBXBuildFile; fileRef = A992CA002990C78900FA4465 /* TransferCubeModel.swift */; };
		A992CA0C299202B000FA4465 /* TransfersNew.swift in Sources */ = {isa = PBXBuildFile; fileRef = A992CA0B299202B000FA4465 /* TransfersNew.swift */; };
		A992CA0E2992368300FA4465 /* TransferModel.swift in Sources */ = {isa = PBXBuildFile; fileRef = A992CA0D2992368300FA4465 /* TransferModel.swift */; };
		A992CA1029923D4D00FA4465 /* NewTransfersViewModel.swift in Sources */ = {isa = PBXBuildFile; fileRef = A992CA0F29923D4D00FA4465 /* NewTransfersViewModel.swift */; };
		A992CA13299382F600FA4465 /* ReceiptView.swift in Sources */ = {isa = PBXBuildFile; fileRef = A992CA12299382F600FA4465 /* ReceiptView.swift */; };
		A992CA1529938A6200FA4465 /* Wave.swift in Sources */ = {isa = PBXBuildFile; fileRef = A992CA1429938A6200FA4465 /* Wave.swift */; };
		A992CA172993B1F700FA4465 /* ReceiptModel.swift in Sources */ = {isa = PBXBuildFile; fileRef = A992CA162993B1F700FA4465 /* ReceiptModel.swift */; };
		A9A81160299A198B0037B046 /* SnapShotHelper.swift in Sources */ = {isa = PBXBuildFile; fileRef = A9A8115F299A198B0037B046 /* SnapShotHelper.swift */; };
		A9A81193299C907B0037B046 /* CheckDevice.swift in Sources */ = {isa = PBXBuildFile; fileRef = A9A8118E299C907A0037B046 /* CheckDevice.swift */; };
		A9A81194299C907B0037B046 /* Type.swift in Sources */ = {isa = PBXBuildFile; fileRef = A9A8118F299C907A0037B046 /* Type.swift */; };
		A9A81195299C907B0037B046 /* Version.swift in Sources */ = {isa = PBXBuildFile; fileRef = A9A81190299C907A0037B046 /* Version.swift */; };
		A9A81196299C907B0037B046 /* Size.swift in Sources */ = {isa = PBXBuildFile; fileRef = A9A81191299C907A0037B046 /* Size.swift */; };
		A9A81197299C907B0037B046 /* Battery.swift in Sources */ = {isa = PBXBuildFile; fileRef = A9A81192299C907A0037B046 /* Battery.swift */; };
		A9A81199299C90AE0037B046 /* CheckDeviceViewModel.swift in Sources */ = {isa = PBXBuildFile; fileRef = A9A81198299C90AE0037B046 /* CheckDeviceViewModel.swift */; };
		A9A8119C299CC0820037B046 /* CreateTemplate.swift in Sources */ = {isa = PBXBuildFile; fileRef = A9A8119B299CC0820037B046 /* CreateTemplate.swift */; };
		A9A8119E299CDC8E0037B046 /* FloatingTextField.swift in Sources */ = {isa = PBXBuildFile; fileRef = A9A8119D299CDC8E0037B046 /* FloatingTextField.swift */; };
		A9A811A2299CF43F0037B046 /* ToggleView.swift in Sources */ = {isa = PBXBuildFile; fileRef = A9A811A1299CF43F0037B046 /* ToggleView.swift */; };
		A9A811A4299F64790037B046 /* CustomDatePicker.swift in Sources */ = {isa = PBXBuildFile; fileRef = A9A811A3299F64790037B046 /* CustomDatePicker.swift */; };
		A9A811A6299F814F0037B046 /* PickerState.swift in Sources */ = {isa = PBXBuildFile; fileRef = A9A811A5299F814F0037B046 /* PickerState.swift */; };
		A9A811A929A0C8010037B046 /* BuriedSwitch.swift in Sources */ = {isa = PBXBuildFile; fileRef = A9A811A829A0C8010037B046 /* BuriedSwitch.swift */; };
		A9CA95F329963B2500C52769 /* SineShape.swift in Sources */ = {isa = PBXBuildFile; fileRef = A9CA95F229963B2500C52769 /* SineShape.swift */; };
		A9CAAC4729EA9EDE00D0234C /* LoansRejected.swift in Sources */ = {isa = PBXBuildFile; fileRef = A9CAAC4629EA9EDE00D0234C /* LoansRejected.swift */; };
		A9DFBEA029D45CD000075597 /* ImageText.swift in Sources */ = {isa = PBXBuildFile; fileRef = A9DFBE9F29D45CD000075597 /* ImageText.swift */; };
/* End PBXBuildFile section */

/* Begin PBXContainerItemProxy section */
		A992C97C29892E8200FA4465 /* PBXContainerItemProxy */ = {
			isa = PBXContainerItemProxy;
			containerPortal = A992C96229892E8000FA4465 /* Project object */;
			proxyType = 1;
			remoteGlobalIDString = A992C96929892E8000FA4465;
			remoteInfo = TransfersUI;
		};
		A992C98629892E8200FA4465 /* PBXContainerItemProxy */ = {
			isa = PBXContainerItemProxy;
			containerPortal = A992C96229892E8000FA4465 /* Project object */;
			proxyType = 1;
			remoteGlobalIDString = A992C96929892E8000FA4465;
			remoteInfo = TransfersUI;
		};
/* End PBXContainerItemProxy section */

/* Begin PBXFileReference section */
		A936FA2129CAB6E200D335B1 /* LoansAddressView.swift */ = {isa = PBXFileReference; lastKnownFileType = sourcecode.swift; path = LoansAddressView.swift; sourceTree = "<group>"; };
		A936FA2329CAB99000D335B1 /* CustomTextView.swift */ = {isa = PBXFileReference; lastKnownFileType = sourcecode.swift; path = CustomTextView.swift; sourceTree = "<group>"; };
		A9797C9B29A331A00045880C /* BottomSheetViewExtension.swift */ = {isa = PBXFileReference; lastKnownFileType = sourcecode.swift; path = BottomSheetViewExtension.swift; sourceTree = "<group>"; };
		A9797C9D29A331BE0045880C /* CustomBottomSheetView.swift */ = {isa = PBXFileReference; lastKnownFileType = sourcecode.swift; path = CustomBottomSheetView.swift; sourceTree = "<group>"; };
		A9797C9F29A332130045880C /* DidSwipeBack.swift */ = {isa = PBXFileReference; lastKnownFileType = sourcecode.swift; path = DidSwipeBack.swift; sourceTree = "<group>"; };
		A9797CA129A333DE0045880C /* RedBottomSheetView.swift */ = {isa = PBXFileReference; lastKnownFileType = sourcecode.swift; path = RedBottomSheetView.swift; sourceTree = "<group>"; };
		A9797CA429A485C50045880C /* CustimFrequencyPicker.swift */ = {isa = PBXFileReference; lastKnownFileType = sourcecode.swift; path = CustimFrequencyPicker.swift; sourceTree = "<group>"; };
		A992C96A29892E8000FA4465 /* TransfersUI.app */ = {isa = PBXFileReference; explicitFileType = wrapper.application; includeInIndex = 0; path = TransfersUI.app; sourceTree = BUILT_PRODUCTS_DIR; };
		A992C96D29892E8000FA4465 /* TransfersUIApp.swift */ = {isa = PBXFileReference; lastKnownFileType = sourcecode.swift; path = TransfersUIApp.swift; sourceTree = "<group>"; };
		A992C96F29892E8000FA4465 /* ContentView.swift */ = {isa = PBXFileReference; lastKnownFileType = sourcecode.swift; path = ContentView.swift; sourceTree = "<group>"; };
		A992C97129892E8200FA4465 /* Assets.xcassets */ = {isa = PBXFileReference; lastKnownFileType = folder.assetcatalog; path = Assets.xcassets; sourceTree = "<group>"; };
		A992C97329892E8200FA4465 /* TransfersUI.entitlements */ = {isa = PBXFileReference; lastKnownFileType = text.plist.entitlements; path = TransfersUI.entitlements; sourceTree = "<group>"; };
		A992C97529892E8200FA4465 /* Preview Assets.xcassets */ = {isa = PBXFileReference; lastKnownFileType = folder.assetcatalog; path = "Preview Assets.xcassets"; sourceTree = "<group>"; };
		A992C97B29892E8200FA4465 /* TransfersUITests.xctest */ = {isa = PBXFileReference; explicitFileType = wrapper.cfbundle; includeInIndex = 0; path = TransfersUITests.xctest; sourceTree = BUILT_PRODUCTS_DIR; };
		A992C97F29892E8200FA4465 /* TransfersUITests.swift */ = {isa = PBXFileReference; lastKnownFileType = sourcecode.swift; path = TransfersUITests.swift; sourceTree = "<group>"; };
		A992C98529892E8200FA4465 /* TransfersUIUITests.xctest */ = {isa = PBXFileReference; explicitFileType = wrapper.cfbundle; includeInIndex = 0; path = TransfersUIUITests.xctest; sourceTree = BUILT_PRODUCTS_DIR; };
		A992C98929892E8200FA4465 /* TransfersUIUITests.swift */ = {isa = PBXFileReference; lastKnownFileType = sourcecode.swift; path = TransfersUIUITests.swift; sourceTree = "<group>"; };
		A992C98B29892E8200FA4465 /* TransfersUIUITestsLaunchTests.swift */ = {isa = PBXFileReference; lastKnownFileType = sourcecode.swift; path = TransfersUIUITestsLaunchTests.swift; sourceTree = "<group>"; };
		A992C99C2989300100FA4465 /* TransfersCellView.swift */ = {isa = PBXFileReference; lastKnownFileType = sourcecode.swift; path = TransfersCellView.swift; sourceTree = "<group>"; };
		A992C99E2989321400FA4465 /* DescriptionH1MediumView.swift */ = {isa = PBXFileReference; lastKnownFileType = sourcecode.swift; path = DescriptionH1MediumView.swift; sourceTree = "<group>"; };
		A992C9A12989325700FA4465 /* Font.swift */ = {isa = PBXFileReference; lastKnownFileType = sourcecode.swift; path = Font.swift; sourceTree = "<group>"; };
		A992C9A42989361B00FA4465 /* DailyScrum.swift */ = {isa = PBXFileReference; lastKnownFileType = sourcecode.swift; path = DailyScrum.swift; sourceTree = "<group>"; };
		A992C9A6298A307500FA4465 /* TransfersWithHeader.swift */ = {isa = PBXFileReference; lastKnownFileType = sourcecode.swift; path = TransfersWithHeader.swift; sourceTree = "<group>"; };
		A992C9AF298A593500FA4465 /* TitleAndDescriptionView.swift */ = {isa = PBXFileReference; lastKnownFileType = sourcecode.swift; path = TitleAndDescriptionView.swift; sourceTree = "<group>"; };
		A992C9B6298AB54900FA4465 /* HorizontalCubeCell.swift */ = {isa = PBXFileReference; lastKnownFileType = sourcecode.swift; path = HorizontalCubeCell.swift; sourceTree = "<group>"; };
		A992C9BB298B692100FA4465 /* AutoTransferView.swift */ = {isa = PBXFileReference; lastKnownFileType = sourcecode.swift; path = AutoTransferView.swift; sourceTree = "<group>"; };
		A992C9C4298CD49800FA4465 /* LazyVandHStacks.swift */ = {isa = PBXFileReference; lastKnownFileType = sourcecode.swift; path = LazyVandHStacks.swift; sourceTree = "<group>"; };
		A992C9CC298D240100FA4465 /* LazyGrids.swift */ = {isa = PBXFileReference; lastKnownFileType = sourcecode.swift; path = LazyGrids.swift; sourceTree = "<group>"; };
		A992C9D0298D744100FA4465 /* ScrollViewReaders.swift */ = {isa = PBXFileReference; lastKnownFileType = sourcecode.swift; path = ScrollViewReaders.swift; sourceTree = "<group>"; };
		A992C9D2298D7BF800FA4465 /* ExpandingLists.swift */ = {isa = PBXFileReference; lastKnownFileType = sourcecode.swift; path = ExpandingLists.swift; sourceTree = "<group>"; };
		A992C9D4298E2E5200FA4465 /* DisclosureGroups.swift */ = {isa = PBXFileReference; lastKnownFileType = sourcecode.swift; path = DisclosureGroups.swift; sourceTree = "<group>"; };
		A992C9D6298E370500FA4465 /* LoginView.swift */ = {isa = PBXFileReference; lastKnownFileType = sourcecode.swift; path = LoginView.swift; sourceTree = "<group>"; };
		A992C9D8298E38E600FA4465 /* FocusAndSubmit.swift */ = {isa = PBXFileReference; lastKnownFileType = sourcecode.swift; path = FocusAndSubmit.swift; sourceTree = "<group>"; };
		A992C9DC298E4AC300FA4465 /* UsingTabViews.swift */ = {isa = PBXFileReference; lastKnownFileType = sourcecode.swift; path = UsingTabViews.swift; sourceTree = "<group>"; };
		A992C9DE298E4B0100FA4465 /* HomeView.swift */ = {isa = PBXFileReference; lastKnownFileType = sourcecode.swift; path = HomeView.swift; sourceTree = "<group>"; };
		A992C9E0298E4BBE00FA4465 /* Currency.swift */ = {isa = PBXFileReference; lastKnownFileType = sourcecode.swift; path = Currency.swift; sourceTree = "<group>"; };
		A992C9E2298E4C9000FA4465 /* CurrenciesView.swift */ = {isa = PBXFileReference; lastKnownFileType = sourcecode.swift; path = CurrenciesView.swift; sourceTree = "<group>"; };
		A992C9E4298E69B000FA4465 /* TabViewWithGestures.swift */ = {isa = PBXFileReference; lastKnownFileType = sourcecode.swift; path = TabViewWithGestures.swift; sourceTree = "<group>"; };
		A992C9E9298EBA2800FA4465 /* TransfersSampleScreen.swift */ = {isa = PBXFileReference; lastKnownFileType = sourcecode.swift; path = TransfersSampleScreen.swift; sourceTree = "<group>"; };
		A992C9EB298EBD3800FA4465 /* SearchField.swift */ = {isa = PBXFileReference; lastKnownFileType = sourcecode.swift; path = SearchField.swift; sourceTree = "<group>"; };
		A992C9ED298EBDEE00FA4465 /* CategoriesSearchViewModel.swift */ = {isa = PBXFileReference; lastKnownFileType = sourcecode.swift; path = CategoriesSearchViewModel.swift; sourceTree = "<group>"; };
		A992C9F12990A94D00FA4465 /* TabBarView.swift */ = {isa = PBXFileReference; lastKnownFileType = sourcecode.swift; path = TabBarView.swift; sourceTree = "<group>"; };
		A992C9F32990C28C00FA4465 /* TransferBodyView.swift */ = {isa = PBXFileReference; lastKnownFileType = sourcecode.swift; path = TransferBodyView.swift; sourceTree = "<group>"; };
		A992C9F62990C2F700FA4465 /* TransfersCellViewModel.swift */ = {isa = PBXFileReference; lastKnownFileType = sourcecode.swift; path = TransfersCellViewModel.swift; sourceTree = "<group>"; };
		A992C9F92990C42200FA4465 /* View+Extensions.swift */ = {isa = PBXFileReference; lastKnownFileType = sourcecode.swift; path = "View+Extensions.swift"; sourceTree = "<group>"; };
		A992C9FC2990C6D500FA4465 /* TransferMainView.swift */ = {isa = PBXFileReference; lastKnownFileType = sourcecode.swift; path = TransferMainView.swift; sourceTree = "<group>"; };
		A992C9FE2990C75F00FA4465 /* HorizontalScrollViewWithCubes.swift */ = {isa = PBXFileReference; lastKnownFileType = sourcecode.swift; path = HorizontalScrollViewWithCubes.swift; sourceTree = "<group>"; };
		A992CA002990C78900FA4465 /* TransferCubeModel.swift */ = {isa = PBXFileReference; lastKnownFileType = sourcecode.swift; path = TransferCubeModel.swift; sourceTree = "<group>"; };
		A992CA0B299202B000FA4465 /* TransfersNew.swift */ = {isa = PBXFileReference; lastKnownFileType = sourcecode.swift; path = TransfersNew.swift; sourceTree = "<group>"; };
		A992CA0D2992368300FA4465 /* TransferModel.swift */ = {isa = PBXFileReference; lastKnownFileType = sourcecode.swift; path = TransferModel.swift; sourceTree = "<group>"; };
		A992CA0F29923D4D00FA4465 /* NewTransfersViewModel.swift */ = {isa = PBXFileReference; lastKnownFileType = sourcecode.swift; path = NewTransfersViewModel.swift; sourceTree = "<group>"; };
		A992CA12299382F600FA4465 /* ReceiptView.swift */ = {isa = PBXFileReference; lastKnownFileType = sourcecode.swift; path = ReceiptView.swift; sourceTree = "<group>"; };
		A992CA1429938A6200FA4465 /* Wave.swift */ = {isa = PBXFileReference; lastKnownFileType = sourcecode.swift; path = Wave.swift; sourceTree = "<group>"; };
		A992CA162993B1F700FA4465 /* ReceiptModel.swift */ = {isa = PBXFileReference; lastKnownFileType = sourcecode.swift; path = ReceiptModel.swift; sourceTree = "<group>"; };
		A9A8115F299A198B0037B046 /* SnapShotHelper.swift */ = {isa = PBXFileReference; lastKnownFileType = sourcecode.swift; path = SnapShotHelper.swift; sourceTree = "<group>"; };
		A9A8118E299C907A0037B046 /* CheckDevice.swift */ = {isa = PBXFileReference; fileEncoding = 4; lastKnownFileType = sourcecode.swift; path = CheckDevice.swift; sourceTree = "<group>"; };
		A9A8118F299C907A0037B046 /* Type.swift */ = {isa = PBXFileReference; fileEncoding = 4; lastKnownFileType = sourcecode.swift; path = Type.swift; sourceTree = "<group>"; };
		A9A81190299C907A0037B046 /* Version.swift */ = {isa = PBXFileReference; fileEncoding = 4; lastKnownFileType = sourcecode.swift; path = Version.swift; sourceTree = "<group>"; };
		A9A81191299C907A0037B046 /* Size.swift */ = {isa = PBXFileReference; fileEncoding = 4; lastKnownFileType = sourcecode.swift; path = Size.swift; sourceTree = "<group>"; };
		A9A81192299C907A0037B046 /* Battery.swift */ = {isa = PBXFileReference; fileEncoding = 4; lastKnownFileType = sourcecode.swift; path = Battery.swift; sourceTree = "<group>"; };
		A9A81198299C90AE0037B046 /* CheckDeviceViewModel.swift */ = {isa = PBXFileReference; lastKnownFileType = sourcecode.swift; path = CheckDeviceViewModel.swift; sourceTree = "<group>"; };
		A9A8119B299CC0820037B046 /* CreateTemplate.swift */ = {isa = PBXFileReference; lastKnownFileType = sourcecode.swift; path = CreateTemplate.swift; sourceTree = "<group>"; };
		A9A8119D299CDC8E0037B046 /* FloatingTextField.swift */ = {isa = PBXFileReference; lastKnownFileType = sourcecode.swift; path = FloatingTextField.swift; sourceTree = "<group>"; };
		A9A811A1299CF43F0037B046 /* ToggleView.swift */ = {isa = PBXFileReference; lastKnownFileType = sourcecode.swift; path = ToggleView.swift; sourceTree = "<group>"; };
		A9A811A3299F64790037B046 /* CustomDatePicker.swift */ = {isa = PBXFileReference; lastKnownFileType = sourcecode.swift; path = CustomDatePicker.swift; sourceTree = "<group>"; };
		A9A811A5299F814F0037B046 /* PickerState.swift */ = {isa = PBXFileReference; lastKnownFileType = sourcecode.swift; path = PickerState.swift; sourceTree = "<group>"; };
		A9A811A829A0C8010037B046 /* BuriedSwitch.swift */ = {isa = PBXFileReference; lastKnownFileType = sourcecode.swift; path = BuriedSwitch.swift; sourceTree = "<group>"; };
		A9CA95F229963B2500C52769 /* SineShape.swift */ = {isa = PBXFileReference; lastKnownFileType = sourcecode.swift; path = SineShape.swift; sourceTree = "<group>"; };
		A9CAAC4629EA9EDE00D0234C /* LoansRejected.swift */ = {isa = PBXFileReference; lastKnownFileType = sourcecode.swift; path = LoansRejected.swift; sourceTree = "<group>"; };
		A9DFBE9F29D45CD000075597 /* ImageText.swift */ = {isa = PBXFileReference; lastKnownFileType = sourcecode.swift; path = ImageText.swift; sourceTree = "<group>"; };
/* End PBXFileReference section */

/* Begin PBXFrameworksBuildPhase section */
		A992C96729892E8000FA4465 /* Frameworks */ = {
			isa = PBXFrameworksBuildPhase;
			buildActionMask = 2147483647;
			files = (
			);
			runOnlyForDeploymentPostprocessing = 0;
		};
		A992C97829892E8200FA4465 /* Frameworks */ = {
			isa = PBXFrameworksBuildPhase;
			buildActionMask = 2147483647;
			files = (
			);
			runOnlyForDeploymentPostprocessing = 0;
		};
		A992C98229892E8200FA4465 /* Frameworks */ = {
			isa = PBXFrameworksBuildPhase;
			buildActionMask = 2147483647;
			files = (
			);
			runOnlyForDeploymentPostprocessing = 0;
		};
/* End PBXFrameworksBuildPhase section */

/* Begin PBXGroup section */
		A926CB3829FD34030024944D /* CommonComponents */ = {
			isa = PBXGroup;
			children = (
			);
			path = CommonComponents;
			sourceTree = "<group>";
		};
		A936FA2029CAB6A500D335B1 /* LoandsAddress */ = {
			isa = PBXGroup;
			children = (
				A936FA2129CAB6E200D335B1 /* LoansAddressView.swift */,
				A936FA2329CAB99000D335B1 /* CustomTextView.swift */,
				A9CAAC4629EA9EDE00D0234C /* LoansRejected.swift */,
			);
			path = LoandsAddress;
			sourceTree = "<group>";
		};
		A9797C9A29A331860045880C /* BottomSheet */ = {
			isa = PBXGroup;
			children = (
				A9797C9B29A331A00045880C /* BottomSheetViewExtension.swift */,
				A9797C9D29A331BE0045880C /* CustomBottomSheetView.swift */,
				A9797C9F29A332130045880C /* DidSwipeBack.swift */,
				A9797CA129A333DE0045880C /* RedBottomSheetView.swift */,
			);
			path = BottomSheet;
			sourceTree = "<group>";
		};
		A9797CA329A485360045880C /* CustomViews */ = {
			isa = PBXGroup;
			children = (
				A9A8119D299CDC8E0037B046 /* FloatingTextField.swift */,
				A9A811A1299CF43F0037B046 /* ToggleView.swift */,
				A9A811A3299F64790037B046 /* CustomDatePicker.swift */,
				A9797CA429A485C50045880C /* CustimFrequencyPicker.swift */,
			);
			path = CustomViews;
			sourceTree = "<group>";
		};
		A992C96129892E8000FA4465 = {
			isa = PBXGroup;
			children = (
				A992C96C29892E8000FA4465 /* TransfersUI */,
				A992C97E29892E8200FA4465 /* TransfersUITests */,
				A992C98829892E8200FA4465 /* TransfersUIUITests */,
				A992C96B29892E8000FA4465 /* Products */,
			);
			sourceTree = "<group>";
		};
		A992C96B29892E8000FA4465 /* Products */ = {
			isa = PBXGroup;
			children = (
				A992C96A29892E8000FA4465 /* TransfersUI.app */,
				A992C97B29892E8200FA4465 /* TransfersUITests.xctest */,
				A992C98529892E8200FA4465 /* TransfersUIUITests.xctest */,
			);
			name = Products;
			sourceTree = "<group>";
		};
		A992C96C29892E8000FA4465 /* TransfersUI */ = {
			isa = PBXGroup;
			children = (
				A926CB3829FD34030024944D /* CommonComponents */,
				A9DFBE9E29D45CB500075597 /* LoansApproval */,
				A936FA2029CAB6A500D335B1 /* LoandsAddress */,
				A9A811A729A0C7EB0037B046 /* CleanCode */,
				A9A8119A299C96F90037B046 /* Templates */,
				A992CA112993829A00FA4465 /* ReceiptComponent */,
				A992C9F82990C41200FA4465 /* Extensions */,
				A992CA0A2992029F00FA4465 /* TransfersNew */,
				A992C9E8298EB8D900FA4465 /* SearchScreen */,
				A992C9C3298C22DD00FA4465 /* Practice */,
				A992C99929892EC700FA4465 /* TransfersView */,
				A992C96D29892E8000FA4465 /* TransfersUIApp.swift */,
				A992C96F29892E8000FA4465 /* ContentView.swift */,
				A992C97129892E8200FA4465 /* Assets.xcassets */,
				A992C97329892E8200FA4465 /* TransfersUI.entitlements */,
				A992C97429892E8200FA4465 /* Preview Content */,
			);
			path = TransfersUI;
			sourceTree = "<group>";
		};
		A992C97429892E8200FA4465 /* Preview Content */ = {
			isa = PBXGroup;
			children = (
				A992C97529892E8200FA4465 /* Preview Assets.xcassets */,
			);
			path = "Preview Content";
			sourceTree = "<group>";
		};
		A992C97E29892E8200FA4465 /* TransfersUITests */ = {
			isa = PBXGroup;
			children = (
				A992C97F29892E8200FA4465 /* TransfersUITests.swift */,
			);
			path = TransfersUITests;
			sourceTree = "<group>";
		};
		A992C98829892E8200FA4465 /* TransfersUIUITests */ = {
			isa = PBXGroup;
			children = (
				A992C98929892E8200FA4465 /* TransfersUIUITests.swift */,
				A992C98B29892E8200FA4465 /* TransfersUIUITestsLaunchTests.swift */,
			);
			path = TransfersUIUITests;
			sourceTree = "<group>";
		};
		A992C99829892EAF00FA4465 /* DesignKit */ = {
			isa = PBXGroup;
			children = (
				A992C99E2989321400FA4465 /* DescriptionH1MediumView.swift */,
			);
			path = DesignKit;
			sourceTree = "<group>";
		};
		A992C99929892EC700FA4465 /* TransfersView */ = {
			isa = PBXGroup;
			children = (
				A992C9A02989323100FA4465 /* Resources */,
				A992C99829892EAF00FA4465 /* DesignKit */,
				A992C9A32989360A00FA4465 /* Model */,
				A992C9E7298EB8C200FA4465 /* Views */,
			);
			path = TransfersView;
			sourceTree = "<group>";
		};
		A992C9A02989323100FA4465 /* Resources */ = {
			isa = PBXGroup;
			children = (
				A992C9A12989325700FA4465 /* Font.swift */,
			);
			path = Resources;
			sourceTree = "<group>";
		};
		A992C9A32989360A00FA4465 /* Model */ = {
			isa = PBXGroup;
			children = (
				A992C9A42989361B00FA4465 /* DailyScrum.swift */,
			);
			path = Model;
			sourceTree = "<group>";
		};
		A992C9C3298C22DD00FA4465 /* Practice */ = {
			isa = PBXGroup;
			children = (
				A992C9DA298E4A9800FA4465 /* UsingTabViews */,
				A992C9C4298CD49800FA4465 /* LazyVandHStacks.swift */,
				A992C9CC298D240100FA4465 /* LazyGrids.swift */,
				A992C9D0298D744100FA4465 /* ScrollViewReaders.swift */,
				A992C9D2298D7BF800FA4465 /* ExpandingLists.swift */,
				A992C9D4298E2E5200FA4465 /* DisclosureGroups.swift */,
				A992C9D6298E370500FA4465 /* LoginView.swift */,
				A992C9D8298E38E600FA4465 /* FocusAndSubmit.swift */,
			);
			path = Practice;
			sourceTree = "<group>";
		};
		A992C9DA298E4A9800FA4465 /* UsingTabViews */ = {
			isa = PBXGroup;
			children = (
				A992C9DC298E4AC300FA4465 /* UsingTabViews.swift */,
				A992C9DE298E4B0100FA4465 /* HomeView.swift */,
				A992C9E0298E4BBE00FA4465 /* Currency.swift */,
				A992C9E2298E4C9000FA4465 /* CurrenciesView.swift */,
				A992C9E4298E69B000FA4465 /* TabViewWithGestures.swift */,
			);
			name = UsingTabViews;
			sourceTree = "<group>";
		};
		A992C9E7298EB8C200FA4465 /* Views */ = {
			isa = PBXGroup;
			children = (
				A992C99C2989300100FA4465 /* TransfersCellView.swift */,
				A992C9A6298A307500FA4465 /* TransfersWithHeader.swift */,
				A992C9AF298A593500FA4465 /* TitleAndDescriptionView.swift */,
				A992C9B6298AB54900FA4465 /* HorizontalCubeCell.swift */,
				A992C9BB298B692100FA4465 /* AutoTransferView.swift */,
			);
			path = Views;
			sourceTree = "<group>";
		};
		A992C9E8298EB8D900FA4465 /* SearchScreen */ = {
			isa = PBXGroup;
			children = (
				A992C9FB2990C4F900FA4465 /* CustomVIews */,
				A992C9F52990C2EA00FA4465 /* Model */,
				A992C9E9298EBA2800FA4465 /* TransfersSampleScreen.swift */,
				A992C9F12990A94D00FA4465 /* TabBarView.swift */,
				A992C9F32990C28C00FA4465 /* TransferBodyView.swift */,
				A992C9FC2990C6D500FA4465 /* TransferMainView.swift */,
				A992C9FE2990C75F00FA4465 /* HorizontalScrollViewWithCubes.swift */,
			);
			path = SearchScreen;
			sourceTree = "<group>";
		};
		A992C9F52990C2EA00FA4465 /* Model */ = {
			isa = PBXGroup;
			children = (
				A992C9ED298EBDEE00FA4465 /* CategoriesSearchViewModel.swift */,
				A992C9F62990C2F700FA4465 /* TransfersCellViewModel.swift */,
				A992CA002990C78900FA4465 /* TransferCubeModel.swift */,
			);
			path = Model;
			sourceTree = "<group>";
		};
		A992C9F82990C41200FA4465 /* Extensions */ = {
			isa = PBXGroup;
			children = (
				A992C9F92990C42200FA4465 /* View+Extensions.swift */,
			);
			path = Extensions;
			sourceTree = "<group>";
		};
		A992C9FB2990C4F900FA4465 /* CustomVIews */ = {
			isa = PBXGroup;
			children = (
				A992C9EB298EBD3800FA4465 /* SearchField.swift */,
			);
			path = CustomVIews;
			sourceTree = "<group>";
		};
		A992CA0A2992029F00FA4465 /* TransfersNew */ = {
			isa = PBXGroup;
			children = (
				A992CA0B299202B000FA4465 /* TransfersNew.swift */,
				A992CA0D2992368300FA4465 /* TransferModel.swift */,
				A992CA0F29923D4D00FA4465 /* NewTransfersViewModel.swift */,
			);
			path = TransfersNew;
			sourceTree = "<group>";
		};
		A992CA112993829A00FA4465 /* ReceiptComponent */ = {
			isa = PBXGroup;
			children = (
				A9A8118D299C907A0037B046 /* CheckDevice */,
				A992CA12299382F600FA4465 /* ReceiptView.swift */,
				A992CA1429938A6200FA4465 /* Wave.swift */,
				A992CA162993B1F700FA4465 /* ReceiptModel.swift */,
				A9CA95F229963B2500C52769 /* SineShape.swift */,
				A9A8115F299A198B0037B046 /* SnapShotHelper.swift */,
			);
			path = ReceiptComponent;
			sourceTree = "<group>";
		};
		A9A8118D299C907A0037B046 /* CheckDevice */ = {
			isa = PBXGroup;
			children = (
				A9A8118E299C907A0037B046 /* CheckDevice.swift */,
				A9A8118F299C907A0037B046 /* Type.swift */,
				A9A81190299C907A0037B046 /* Version.swift */,
				A9A81191299C907A0037B046 /* Size.swift */,
				A9A81192299C907A0037B046 /* Battery.swift */,
				A9A81198299C90AE0037B046 /* CheckDeviceViewModel.swift */,
			);
			path = CheckDevice;
			sourceTree = "<group>";
		};
		A9A8119A299C96F90037B046 /* Templates */ = {
			isa = PBXGroup;
			children = (
				A9797CA329A485360045880C /* CustomViews */,
				A9797C9A29A331860045880C /* BottomSheet */,
				A9A8119B299CC0820037B046 /* CreateTemplate.swift */,
				A9A811A5299F814F0037B046 /* PickerState.swift */,
			);
			path = Templates;
			sourceTree = "<group>";
		};
		A9A811A729A0C7EB0037B046 /* CleanCode */ = {
			isa = PBXGroup;
			children = (
				A9A811A829A0C8010037B046 /* BuriedSwitch.swift */,
			);
			path = CleanCode;
			sourceTree = "<group>";
		};
		A9DFBE9E29D45CB500075597 /* LoansApproval */ = {
			isa = PBXGroup;
			children = (
				A9DFBE9F29D45CD000075597 /* ImageText.swift */,
			);
			path = LoansApproval;
			sourceTree = "<group>";
		};
/* End PBXGroup section */

/* Begin PBXNativeTarget section */
		A992C96929892E8000FA4465 /* TransfersUI */ = {
			isa = PBXNativeTarget;
			buildConfigurationList = A992C98F29892E8200FA4465 /* Build configuration list for PBXNativeTarget "TransfersUI" */;
			buildPhases = (
				A992C96629892E8000FA4465 /* Sources */,
				A992C96729892E8000FA4465 /* Frameworks */,
				A992C96829892E8000FA4465 /* Resources */,
			);
			buildRules = (
			);
			dependencies = (
			);
			name = TransfersUI;
			productName = TransfersUI;
			productReference = A992C96A29892E8000FA4465 /* TransfersUI.app */;
			productType = "com.apple.product-type.application";
		};
		A992C97A29892E8200FA4465 /* TransfersUITests */ = {
			isa = PBXNativeTarget;
			buildConfigurationList = A992C99229892E8200FA4465 /* Build configuration list for PBXNativeTarget "TransfersUITests" */;
			buildPhases = (
				A992C97729892E8200FA4465 /* Sources */,
				A992C97829892E8200FA4465 /* Frameworks */,
				A992C97929892E8200FA4465 /* Resources */,
			);
			buildRules = (
			);
			dependencies = (
				A992C97D29892E8200FA4465 /* PBXTargetDependency */,
			);
			name = TransfersUITests;
			productName = TransfersUITests;
			productReference = A992C97B29892E8200FA4465 /* TransfersUITests.xctest */;
			productType = "com.apple.product-type.bundle.unit-test";
		};
		A992C98429892E8200FA4465 /* TransfersUIUITests */ = {
			isa = PBXNativeTarget;
			buildConfigurationList = A992C99529892E8200FA4465 /* Build configuration list for PBXNativeTarget "TransfersUIUITests" */;
			buildPhases = (
				A992C98129892E8200FA4465 /* Sources */,
				A992C98229892E8200FA4465 /* Frameworks */,
				A992C98329892E8200FA4465 /* Resources */,
			);
			buildRules = (
			);
			dependencies = (
				A992C98729892E8200FA4465 /* PBXTargetDependency */,
			);
			name = TransfersUIUITests;
			productName = TransfersUIUITests;
			productReference = A992C98529892E8200FA4465 /* TransfersUIUITests.xctest */;
			productType = "com.apple.product-type.bundle.ui-testing";
		};
/* End PBXNativeTarget section */

/* Begin PBXProject section */
		A992C96229892E8000FA4465 /* Project object */ = {
			isa = PBXProject;
			attributes = {
				BuildIndependentTargetsInParallel = 1;
				LastSwiftUpdateCheck = 1420;
				LastUpgradeCheck = 1420;
				TargetAttributes = {
					A992C96929892E8000FA4465 = {
						CreatedOnToolsVersion = 14.2;
					};
					A992C97A29892E8200FA4465 = {
						CreatedOnToolsVersion = 14.2;
						TestTargetID = A992C96929892E8000FA4465;
					};
					A992C98429892E8200FA4465 = {
						CreatedOnToolsVersion = 14.2;
						TestTargetID = A992C96929892E8000FA4465;
					};
				};
			};
			buildConfigurationList = A992C96529892E8000FA4465 /* Build configuration list for PBXProject "TransfersUI" */;
			compatibilityVersion = "Xcode 14.0";
			developmentRegion = en;
			hasScannedForEncodings = 0;
			knownRegions = (
				en,
				Base,
			);
			mainGroup = A992C96129892E8000FA4465;
			productRefGroup = A992C96B29892E8000FA4465 /* Products */;
			projectDirPath = "";
			projectRoot = "";
			targets = (
				A992C96929892E8000FA4465 /* TransfersUI */,
				A992C97A29892E8200FA4465 /* TransfersUITests */,
				A992C98429892E8200FA4465 /* TransfersUIUITests */,
			);
		};
/* End PBXProject section */

/* Begin PBXResourcesBuildPhase section */
		A992C96829892E8000FA4465 /* Resources */ = {
			isa = PBXResourcesBuildPhase;
			buildActionMask = 2147483647;
			files = (
				A992C97629892E8200FA4465 /* Preview Assets.xcassets in Resources */,
				A992C97229892E8200FA4465 /* Assets.xcassets in Resources */,
			);
			runOnlyForDeploymentPostprocessing = 0;
		};
		A992C97929892E8200FA4465 /* Resources */ = {
			isa = PBXResourcesBuildPhase;
			buildActionMask = 2147483647;
			files = (
			);
			runOnlyForDeploymentPostprocessing = 0;
		};
		A992C98329892E8200FA4465 /* Resources */ = {
			isa = PBXResourcesBuildPhase;
			buildActionMask = 2147483647;
			files = (
			);
			runOnlyForDeploymentPostprocessing = 0;
		};
/* End PBXResourcesBuildPhase section */

/* Begin PBXSourcesBuildPhase section */
		A992C96629892E8000FA4465 /* Sources */ = {
			isa = PBXSourcesBuildPhase;
			buildActionMask = 2147483647;
			files = (
				A992C99F2989321400FA4465 /* DescriptionH1MediumView.swift in Sources */,
				A992C97029892E8000FA4465 /* ContentView.swift in Sources */,
				A992C9F22990A94D00FA4465 /* TabBarView.swift in Sources */,
				A936FA2229CAB6E200D335B1 /* LoansAddressView.swift in Sources */,
				A992C9F42990C28C00FA4465 /* TransferBodyView.swift in Sources */,
				A992C9C5298CD49800FA4465 /* LazyVandHStacks.swift in Sources */,
				A992C9D5298E2E5200FA4465 /* DisclosureGroups.swift in Sources */,
				A9797CA529A485C50045880C /* CustimFrequencyPicker.swift in Sources */,
				A9A811A929A0C8010037B046 /* BuriedSwitch.swift in Sources */,
				A9797C9C29A331A00045880C /* BottomSheetViewExtension.swift in Sources */,
				A9A811A2299CF43F0037B046 /* ToggleView.swift in Sources */,
				A992C9EA298EBA2800FA4465 /* TransfersSampleScreen.swift in Sources */,
				A992CA012990C78900FA4465 /* TransferCubeModel.swift in Sources */,
				A992C9A22989325700FA4465 /* Font.swift in Sources */,
				A9A811A4299F64790037B046 /* CustomDatePicker.swift in Sources */,
				A992C9EC298EBD3800FA4465 /* SearchField.swift in Sources */,
				A9A81195299C907B0037B046 /* Version.swift in Sources */,
				A992C99D2989300100FA4465 /* TransfersCellView.swift in Sources */,
				A992C9B0298A593500FA4465 /* TitleAndDescriptionView.swift in Sources */,
				A992C9D9298E38E600FA4465 /* FocusAndSubmit.swift in Sources */,
				A992C9FD2990C6D500FA4465 /* TransferMainView.swift in Sources */,
				A9A8119C299CC0820037B046 /* CreateTemplate.swift in Sources */,
				A9A81199299C90AE0037B046 /* CheckDeviceViewModel.swift in Sources */,
				A992C9A52989361B00FA4465 /* DailyScrum.swift in Sources */,
				A9CAAC4729EA9EDE00D0234C /* LoansRejected.swift in Sources */,
				A992C9FF2990C75F00FA4465 /* HorizontalScrollViewWithCubes.swift in Sources */,
				A992CA0E2992368300FA4465 /* TransferModel.swift in Sources */,
				A992C9D1298D744100FA4465 /* ScrollViewReaders.swift in Sources */,
				A9A81193299C907B0037B046 /* CheckDevice.swift in Sources */,
				A9A81194299C907B0037B046 /* Type.swift in Sources */,
				A992CA0C299202B000FA4465 /* TransfersNew.swift in Sources */,
				A992C9CD298D240100FA4465 /* LazyGrids.swift in Sources */,
				A992C96E29892E8000FA4465 /* TransfersUIApp.swift in Sources */,
				A992C9E5298E69B000FA4465 /* TabViewWithGestures.swift in Sources */,
				A9CA95F329963B2500C52769 /* SineShape.swift in Sources */,
				A992C9EE298EBDEE00FA4465 /* CategoriesSearchViewModel.swift in Sources */,
				A992C9E3298E4C9000FA4465 /* CurrenciesView.swift in Sources */,
				A992C9FA2990C42200FA4465 /* View+Extensions.swift in Sources */,
				A9A8119E299CDC8E0037B046 /* FloatingTextField.swift in Sources */,
				A992CA1029923D4D00FA4465 /* NewTransfersViewModel.swift in Sources */,
				A992C9A7298A307500FA4465 /* TransfersWithHeader.swift in Sources */,
				A9A81196299C907B0037B046 /* Size.swift in Sources */,
				A9797CA229A333DE0045880C /* RedBottomSheetView.swift in Sources */,
				A9A81197299C907B0037B046 /* Battery.swift in Sources */,
				A992CA13299382F600FA4465 /* ReceiptView.swift in Sources */,
				A992C9DD298E4AC300FA4465 /* UsingTabViews.swift in Sources */,
				A9A81160299A198B0037B046 /* SnapShotHelper.swift in Sources */,
				A992C9BC298B692100FA4465 /* AutoTransferView.swift in Sources */,
				A9A811A6299F814F0037B046 /* PickerState.swift in Sources */,
				A992C9D3298D7BF800FA4465 /* ExpandingLists.swift in Sources */,
				A992C9E1298E4BBE00FA4465 /* Currency.swift in Sources */,
				A9DFBEA029D45CD000075597 /* ImageText.swift in Sources */,
				A992C9D7298E370500FA4465 /* LoginView.swift in Sources */,
				A9797C9E29A331BE0045880C /* CustomBottomSheetView.swift in Sources */,
				A9797CA029A332130045880C /* DidSwipeBack.swift in Sources */,
				A992C9B7298AB54900FA4465 /* HorizontalCubeCell.swift in Sources */,
				A992C9DF298E4B0100FA4465 /* HomeView.swift in Sources */,
				A992CA1529938A6200FA4465 /* Wave.swift in Sources */,
				A992CA172993B1F700FA4465 /* ReceiptModel.swift in Sources */,
				A992C9F72990C2F700FA4465 /* TransfersCellViewModel.swift in Sources */,
				A936FA2429CAB99000D335B1 /* CustomTextView.swift in Sources */,
			);
			runOnlyForDeploymentPostprocessing = 0;
		};
		A992C97729892E8200FA4465 /* Sources */ = {
			isa = PBXSourcesBuildPhase;
			buildActionMask = 2147483647;
			files = (
				A992C98029892E8200FA4465 /* TransfersUITests.swift in Sources */,
			);
			runOnlyForDeploymentPostprocessing = 0;
		};
		A992C98129892E8200FA4465 /* Sources */ = {
			isa = PBXSourcesBuildPhase;
			buildActionMask = 2147483647;
			files = (
				A992C98A29892E8200FA4465 /* TransfersUIUITests.swift in Sources */,
				A992C98C29892E8200FA4465 /* TransfersUIUITestsLaunchTests.swift in Sources */,
			);
			runOnlyForDeploymentPostprocessing = 0;
		};
/* End PBXSourcesBuildPhase section */

/* Begin PBXTargetDependency section */
		A992C97D29892E8200FA4465 /* PBXTargetDependency */ = {
			isa = PBXTargetDependency;
			target = A992C96929892E8000FA4465 /* TransfersUI */;
			targetProxy = A992C97C29892E8200FA4465 /* PBXContainerItemProxy */;
		};
		A992C98729892E8200FA4465 /* PBXTargetDependency */ = {
			isa = PBXTargetDependency;
			target = A992C96929892E8000FA4465 /* TransfersUI */;
			targetProxy = A992C98629892E8200FA4465 /* PBXContainerItemProxy */;
		};
/* End PBXTargetDependency section */

/* Begin XCBuildConfiguration section */
		A992C98D29892E8200FA4465 /* Debug */ = {
			isa = XCBuildConfiguration;
			buildSettings = {
				ALWAYS_SEARCH_USER_PATHS = NO;
				CLANG_ANALYZER_NONNULL = YES;
				CLANG_ANALYZER_NUMBER_OBJECT_CONVERSION = YES_AGGRESSIVE;
				CLANG_CXX_LANGUAGE_STANDARD = "gnu++20";
				CLANG_ENABLE_MODULES = YES;
				CLANG_ENABLE_OBJC_ARC = YES;
				CLANG_ENABLE_OBJC_WEAK = YES;
				CLANG_WARN_BLOCK_CAPTURE_AUTORELEASING = YES;
				CLANG_WARN_BOOL_CONVERSION = YES;
				CLANG_WARN_COMMA = YES;
				CLANG_WARN_CONSTANT_CONVERSION = YES;
				CLANG_WARN_DEPRECATED_OBJC_IMPLEMENTATIONS = YES;
				CLANG_WARN_DIRECT_OBJC_ISA_USAGE = YES_ERROR;
				CLANG_WARN_DOCUMENTATION_COMMENTS = YES;
				CLANG_WARN_EMPTY_BODY = YES;
				CLANG_WARN_ENUM_CONVERSION = YES;
				CLANG_WARN_INFINITE_RECURSION = YES;
				CLANG_WARN_INT_CONVERSION = YES;
				CLANG_WARN_NON_LITERAL_NULL_CONVERSION = YES;
				CLANG_WARN_OBJC_IMPLICIT_RETAIN_SELF = YES;
				CLANG_WARN_OBJC_LITERAL_CONVERSION = YES;
				CLANG_WARN_OBJC_ROOT_CLASS = YES_ERROR;
				CLANG_WARN_QUOTED_INCLUDE_IN_FRAMEWORK_HEADER = YES;
				CLANG_WARN_RANGE_LOOP_ANALYSIS = YES;
				CLANG_WARN_STRICT_PROTOTYPES = YES;
				CLANG_WARN_SUSPICIOUS_MOVE = YES;
				CLANG_WARN_UNGUARDED_AVAILABILITY = YES_AGGRESSIVE;
				CLANG_WARN_UNREACHABLE_CODE = YES;
				CLANG_WARN__DUPLICATE_METHOD_MATCH = YES;
				COPY_PHASE_STRIP = NO;
				DEBUG_INFORMATION_FORMAT = dwarf;
				ENABLE_STRICT_OBJC_MSGSEND = YES;
				ENABLE_TESTABILITY = YES;
				GCC_C_LANGUAGE_STANDARD = gnu11;
				GCC_DYNAMIC_NO_PIC = NO;
				GCC_NO_COMMON_BLOCKS = YES;
				GCC_OPTIMIZATION_LEVEL = 0;
				GCC_PREPROCESSOR_DEFINITIONS = (
					"DEBUG=1",
					"$(inherited)",
				);
				GCC_WARN_64_TO_32_BIT_CONVERSION = YES;
				GCC_WARN_ABOUT_RETURN_TYPE = YES_ERROR;
				GCC_WARN_UNDECLARED_SELECTOR = YES;
				GCC_WARN_UNINITIALIZED_AUTOS = YES_AGGRESSIVE;
				GCC_WARN_UNUSED_FUNCTION = YES;
				GCC_WARN_UNUSED_VARIABLE = YES;
				MTL_ENABLE_DEBUG_INFO = INCLUDE_SOURCE;
				MTL_FAST_MATH = YES;
				ONLY_ACTIVE_ARCH = YES;
				SWIFT_ACTIVE_COMPILATION_CONDITIONS = DEBUG;
				SWIFT_OPTIMIZATION_LEVEL = "-Onone";
			};
			name = Debug;
		};
		A992C98E29892E8200FA4465 /* Release */ = {
			isa = XCBuildConfiguration;
			buildSettings = {
				ALWAYS_SEARCH_USER_PATHS = NO;
				CLANG_ANALYZER_NONNULL = YES;
				CLANG_ANALYZER_NUMBER_OBJECT_CONVERSION = YES_AGGRESSIVE;
				CLANG_CXX_LANGUAGE_STANDARD = "gnu++20";
				CLANG_ENABLE_MODULES = YES;
				CLANG_ENABLE_OBJC_ARC = YES;
				CLANG_ENABLE_OBJC_WEAK = YES;
				CLANG_WARN_BLOCK_CAPTURE_AUTORELEASING = YES;
				CLANG_WARN_BOOL_CONVERSION = YES;
				CLANG_WARN_COMMA = YES;
				CLANG_WARN_CONSTANT_CONVERSION = YES;
				CLANG_WARN_DEPRECATED_OBJC_IMPLEMENTATIONS = YES;
				CLANG_WARN_DIRECT_OBJC_ISA_USAGE = YES_ERROR;
				CLANG_WARN_DOCUMENTATION_COMMENTS = YES;
				CLANG_WARN_EMPTY_BODY = YES;
				CLANG_WARN_ENUM_CONVERSION = YES;
				CLANG_WARN_INFINITE_RECURSION = YES;
				CLANG_WARN_INT_CONVERSION = YES;
				CLANG_WARN_NON_LITERAL_NULL_CONVERSION = YES;
				CLANG_WARN_OBJC_IMPLICIT_RETAIN_SELF = YES;
				CLANG_WARN_OBJC_LITERAL_CONVERSION = YES;
				CLANG_WARN_OBJC_ROOT_CLASS = YES_ERROR;
				CLANG_WARN_QUOTED_INCLUDE_IN_FRAMEWORK_HEADER = YES;
				CLANG_WARN_RANGE_LOOP_ANALYSIS = YES;
				CLANG_WARN_STRICT_PROTOTYPES = YES;
				CLANG_WARN_SUSPICIOUS_MOVE = YES;
				CLANG_WARN_UNGUARDED_AVAILABILITY = YES_AGGRESSIVE;
				CLANG_WARN_UNREACHABLE_CODE = YES;
				CLANG_WARN__DUPLICATE_METHOD_MATCH = YES;
				COPY_PHASE_STRIP = NO;
				DEBUG_INFORMATION_FORMAT = "dwarf-with-dsym";
				ENABLE_NS_ASSERTIONS = NO;
				ENABLE_STRICT_OBJC_MSGSEND = YES;
				GCC_C_LANGUAGE_STANDARD = gnu11;
				GCC_NO_COMMON_BLOCKS = YES;
				GCC_WARN_64_TO_32_BIT_CONVERSION = YES;
				GCC_WARN_ABOUT_RETURN_TYPE = YES_ERROR;
				GCC_WARN_UNDECLARED_SELECTOR = YES;
				GCC_WARN_UNINITIALIZED_AUTOS = YES_AGGRESSIVE;
				GCC_WARN_UNUSED_FUNCTION = YES;
				GCC_WARN_UNUSED_VARIABLE = YES;
				MTL_ENABLE_DEBUG_INFO = NO;
				MTL_FAST_MATH = YES;
				SWIFT_COMPILATION_MODE = wholemodule;
				SWIFT_OPTIMIZATION_LEVEL = "-O";
			};
			name = Release;
		};
		A992C99029892E8200FA4465 /* Debug */ = {
			isa = XCBuildConfiguration;
			buildSettings = {
				ASSETCATALOG_COMPILER_APPICON_NAME = AppIcon;
				ASSETCATALOG_COMPILER_GLOBAL_ACCENT_COLOR_NAME = AccentColor;
				CODE_SIGN_ENTITLEMENTS = TransfersUI/TransfersUI.entitlements;
				CODE_SIGN_STYLE = Automatic;
				CURRENT_PROJECT_VERSION = 1;
				DEVELOPMENT_ASSET_PATHS = "\"TransfersUI/Preview Content\"";
				DEVELOPMENT_TEAM = R4YVF8268F;
				ENABLE_PREVIEWS = YES;
				GENERATE_INFOPLIST_FILE = YES;
				"INFOPLIST_KEY_UIApplicationSceneManifest_Generation[sdk=iphoneos*]" = YES;
				"INFOPLIST_KEY_UIApplicationSceneManifest_Generation[sdk=iphonesimulator*]" = YES;
				"INFOPLIST_KEY_UIApplicationSupportsIndirectInputEvents[sdk=iphoneos*]" = YES;
				"INFOPLIST_KEY_UIApplicationSupportsIndirectInputEvents[sdk=iphonesimulator*]" = YES;
				"INFOPLIST_KEY_UILaunchScreen_Generation[sdk=iphoneos*]" = YES;
				"INFOPLIST_KEY_UILaunchScreen_Generation[sdk=iphonesimulator*]" = YES;
				"INFOPLIST_KEY_UIStatusBarStyle[sdk=iphoneos*]" = UIStatusBarStyleDefault;
				"INFOPLIST_KEY_UIStatusBarStyle[sdk=iphonesimulator*]" = UIStatusBarStyleDefault;
				INFOPLIST_KEY_UISupportedInterfaceOrientations_iPad = "UIInterfaceOrientationPortrait UIInterfaceOrientationPortraitUpsideDown UIInterfaceOrientationLandscapeLeft UIInterfaceOrientationLandscapeRight";
				INFOPLIST_KEY_UISupportedInterfaceOrientations_iPhone = "UIInterfaceOrientationPortrait UIInterfaceOrientationLandscapeLeft UIInterfaceOrientationLandscapeRight";
				IPHONEOS_DEPLOYMENT_TARGET = 14.0;
				LD_RUNPATH_SEARCH_PATHS = "@executable_path/Frameworks";
				"LD_RUNPATH_SEARCH_PATHS[sdk=macosx*]" = "@executable_path/../Frameworks";
				MACOSX_DEPLOYMENT_TARGET = 13.1;
				MARKETING_VERSION = 1.0;
				PRODUCT_BUNDLE_IDENTIFIER = kg.bakai.TransfersUI;
				PRODUCT_NAME = "$(TARGET_NAME)";
				SDKROOT = auto;
				SUPPORTED_PLATFORMS = "iphoneos iphonesimulator macosx";
				SWIFT_EMIT_LOC_STRINGS = YES;
				SWIFT_VERSION = 5.0;
				TARGETED_DEVICE_FAMILY = "1,2";
			};
			name = Debug;
		};
		A992C99129892E8200FA4465 /* Release */ = {
			isa = XCBuildConfiguration;
			buildSettings = {
				ASSETCATALOG_COMPILER_APPICON_NAME = AppIcon;
				ASSETCATALOG_COMPILER_GLOBAL_ACCENT_COLOR_NAME = AccentColor;
				CODE_SIGN_ENTITLEMENTS = TransfersUI/TransfersUI.entitlements;
				CODE_SIGN_STYLE = Automatic;
				CURRENT_PROJECT_VERSION = 1;
				DEVELOPMENT_ASSET_PATHS = "\"TransfersUI/Preview Content\"";
				DEVELOPMENT_TEAM = R4YVF8268F;
				ENABLE_PREVIEWS = YES;
				GENERATE_INFOPLIST_FILE = YES;
				"INFOPLIST_KEY_UIApplicationSceneManifest_Generation[sdk=iphoneos*]" = YES;
				"INFOPLIST_KEY_UIApplicationSceneManifest_Generation[sdk=iphonesimulator*]" = YES;
				"INFOPLIST_KEY_UIApplicationSupportsIndirectInputEvents[sdk=iphoneos*]" = YES;
				"INFOPLIST_KEY_UIApplicationSupportsIndirectInputEvents[sdk=iphonesimulator*]" = YES;
				"INFOPLIST_KEY_UILaunchScreen_Generation[sdk=iphoneos*]" = YES;
				"INFOPLIST_KEY_UILaunchScreen_Generation[sdk=iphonesimulator*]" = YES;
				"INFOPLIST_KEY_UIStatusBarStyle[sdk=iphoneos*]" = UIStatusBarStyleDefault;
				"INFOPLIST_KEY_UIStatusBarStyle[sdk=iphonesimulator*]" = UIStatusBarStyleDefault;
				INFOPLIST_KEY_UISupportedInterfaceOrientations_iPad = "UIInterfaceOrientationPortrait UIInterfaceOrientationPortraitUpsideDown UIInterfaceOrientationLandscapeLeft UIInterfaceOrientationLandscapeRight";
				INFOPLIST_KEY_UISupportedInterfaceOrientations_iPhone = "UIInterfaceOrientationPortrait UIInterfaceOrientationLandscapeLeft UIInterfaceOrientationLandscapeRight";
				IPHONEOS_DEPLOYMENT_TARGET = 14.0;
				LD_RUNPATH_SEARCH_PATHS = "@executable_path/Frameworks";
				"LD_RUNPATH_SEARCH_PATHS[sdk=macosx*]" = "@executable_path/../Frameworks";
				MACOSX_DEPLOYMENT_TARGET = 13.1;
				MARKETING_VERSION = 1.0;
				PRODUCT_BUNDLE_IDENTIFIER = kg.bakai.TransfersUI;
				PRODUCT_NAME = "$(TARGET_NAME)";
				SDKROOT = auto;
				SUPPORTED_PLATFORMS = "iphoneos iphonesimulator macosx";
				SWIFT_EMIT_LOC_STRINGS = YES;
				SWIFT_VERSION = 5.0;
				TARGETED_DEVICE_FAMILY = "1,2";
			};
			name = Release;
		};
		A992C99329892E8200FA4465 /* Debug */ = {
			isa = XCBuildConfiguration;
			buildSettings = {
				ALWAYS_EMBED_SWIFT_STANDARD_LIBRARIES = YES;
				BUNDLE_LOADER = "$(TEST_HOST)";
				CODE_SIGN_STYLE = Automatic;
				CURRENT_PROJECT_VERSION = 1;
				GENERATE_INFOPLIST_FILE = YES;
				IPHONEOS_DEPLOYMENT_TARGET = 16.2;
				MACOSX_DEPLOYMENT_TARGET = 13.1;
				MARKETING_VERSION = 1.0;
				PRODUCT_BUNDLE_IDENTIFIER = kg.bakai.TransfersUITests;
				PRODUCT_NAME = "$(TARGET_NAME)";
				SDKROOT = auto;
				SUPPORTED_PLATFORMS = "iphoneos iphonesimulator macosx";
				SWIFT_EMIT_LOC_STRINGS = NO;
				SWIFT_VERSION = 5.0;
				TARGETED_DEVICE_FAMILY = "1,2";
				TEST_HOST = "$(BUILT_PRODUCTS_DIR)/TransfersUI.app/$(BUNDLE_EXECUTABLE_FOLDER_PATH)/TransfersUI";
			};
			name = Debug;
		};
		A992C99429892E8200FA4465 /* Release */ = {
			isa = XCBuildConfiguration;
			buildSettings = {
				ALWAYS_EMBED_SWIFT_STANDARD_LIBRARIES = YES;
				BUNDLE_LOADER = "$(TEST_HOST)";
				CODE_SIGN_STYLE = Automatic;
				CURRENT_PROJECT_VERSION = 1;
				GENERATE_INFOPLIST_FILE = YES;
				IPHONEOS_DEPLOYMENT_TARGET = 16.2;
				MACOSX_DEPLOYMENT_TARGET = 13.1;
				MARKETING_VERSION = 1.0;
				PRODUCT_BUNDLE_IDENTIFIER = kg.bakai.TransfersUITests;
				PRODUCT_NAME = "$(TARGET_NAME)";
				SDKROOT = auto;
				SUPPORTED_PLATFORMS = "iphoneos iphonesimulator macosx";
				SWIFT_EMIT_LOC_STRINGS = NO;
				SWIFT_VERSION = 5.0;
				TARGETED_DEVICE_FAMILY = "1,2";
				TEST_HOST = "$(BUILT_PRODUCTS_DIR)/TransfersUI.app/$(BUNDLE_EXECUTABLE_FOLDER_PATH)/TransfersUI";
			};
			name = Release;
		};
		A992C99629892E8200FA4465 /* Debug */ = {
			isa = XCBuildConfiguration;
			buildSettings = {
				ALWAYS_EMBED_SWIFT_STANDARD_LIBRARIES = YES;
				CODE_SIGN_STYLE = Automatic;
				CURRENT_PROJECT_VERSION = 1;
				GENERATE_INFOPLIST_FILE = YES;
				IPHONEOS_DEPLOYMENT_TARGET = 16.2;
				MACOSX_DEPLOYMENT_TARGET = 13.1;
				MARKETING_VERSION = 1.0;
				PRODUCT_BUNDLE_IDENTIFIER = kg.bakai.TransfersUIUITests;
				PRODUCT_NAME = "$(TARGET_NAME)";
				SDKROOT = auto;
				SUPPORTED_PLATFORMS = "iphoneos iphonesimulator macosx";
				SWIFT_EMIT_LOC_STRINGS = NO;
				SWIFT_VERSION = 5.0;
				TARGETED_DEVICE_FAMILY = "1,2";
				TEST_TARGET_NAME = TransfersUI;
			};
			name = Debug;
		};
		A992C99729892E8200FA4465 /* Release */ = {
			isa = XCBuildConfiguration;
			buildSettings = {
				ALWAYS_EMBED_SWIFT_STANDARD_LIBRARIES = YES;
				CODE_SIGN_STYLE = Automatic;
				CURRENT_PROJECT_VERSION = 1;
				GENERATE_INFOPLIST_FILE = YES;
				IPHONEOS_DEPLOYMENT_TARGET = 16.2;
				MACOSX_DEPLOYMENT_TARGET = 13.1;
				MARKETING_VERSION = 1.0;
				PRODUCT_BUNDLE_IDENTIFIER = kg.bakai.TransfersUIUITests;
				PRODUCT_NAME = "$(TARGET_NAME)";
				SDKROOT = auto;
				SUPPORTED_PLATFORMS = "iphoneos iphonesimulator macosx";
				SWIFT_EMIT_LOC_STRINGS = NO;
				SWIFT_VERSION = 5.0;
				TARGETED_DEVICE_FAMILY = "1,2";
				TEST_TARGET_NAME = TransfersUI;
			};
			name = Release;
		};
/* End XCBuildConfiguration section */

/* Begin XCConfigurationList section */
		A992C96529892E8000FA4465 /* Build configuration list for PBXProject "TransfersUI" */ = {
			isa = XCConfigurationList;
			buildConfigurations = (
				A992C98D29892E8200FA4465 /* Debug */,
				A992C98E29892E8200FA4465 /* Release */,
			);
			defaultConfigurationIsVisible = 0;
			defaultConfigurationName = Release;
		};
		A992C98F29892E8200FA4465 /* Build configuration list for PBXNativeTarget "TransfersUI" */ = {
			isa = XCConfigurationList;
			buildConfigurations = (
				A992C99029892E8200FA4465 /* Debug */,
				A992C99129892E8200FA4465 /* Release */,
			);
			defaultConfigurationIsVisible = 0;
			defaultConfigurationName = Release;
		};
		A992C99229892E8200FA4465 /* Build configuration list for PBXNativeTarget "TransfersUITests" */ = {
			isa = XCConfigurationList;
			buildConfigurations = (
				A992C99329892E8200FA4465 /* Debug */,
				A992C99429892E8200FA4465 /* Release */,
			);
			defaultConfigurationIsVisible = 0;
			defaultConfigurationName = Release;
		};
		A992C99529892E8200FA4465 /* Build configuration list for PBXNativeTarget "TransfersUIUITests" */ = {
			isa = XCConfigurationList;
			buildConfigurations = (
				A992C99629892E8200FA4465 /* Debug */,
				A992C99729892E8200FA4465 /* Release */,
			);
			defaultConfigurationIsVisible = 0;
			defaultConfigurationName = Release;
		};
/* End XCConfigurationList section */
	};
	rootObject = A992C96229892E8000FA4465 /* Project object */;
}
